
Microsoft Visual Studio Solution File, Format Version 12.00
# Visual Studio Version 17
VisualStudioVersion = 17.11.35303.130
MinimumVisualStudioVersion = 10.0.40219.1
Project("{2150E333-8FDC-42A3-9474-1A3956D46DE8}") = "Task0", "Task0", "{49ABB346-46D1-4E1D-8FD0-7A33421D2F32}"
EndProject
Project("{9A19103F-16F7-4668-BE54-9A1E7A4F7556}") = "Tyuiu.AnishchenkoVA.Sprint1.Task0.V28", "Tyuiu.AnishchenkoVA.Sprint1.Task0.V28\Tyuiu.AnishchenkoVA.Sprint1.Task0.V28.csproj", "{F1BC7BD1-2559-4DEB-801E-F0C2ECDEE339}"
EndProject
Project("{9A19103F-16F7-4668-BE54-9A1E7A4F7556}") = "Tyuiu.AnishchenkoVA.Sprint1.Task0.V28.Lib", "Tyuiu.AnishchenkoVA.Sprint1.Task0.V28.Lib\Tyuiu.AnishchenkoVA.Sprint1.Task0.V28.Lib.csproj", "{558603F2-B3CA-4139-862F-DB00EB0CF44C}"
EndProject
Project("{9A19103F-16F7-4668-BE54-9A1E7A4F7556}") = "Tyuiu.AnishchenkoVA.Sprint1.Task0.V28.Test", "Tyuiu.AnishchenkoVA.Sprint1.Task0.V28.Test\Tyuiu.AnishchenkoVA.Sprint1.Task0.V28.Test.csproj", "{D659C061-05C8-43F1-B66C-478DAA519CA5}"
EndProject
Project("{2150E333-8FDC-42A3-9474-1A3956D46DE8}") = "Task1", "Task1", "{533ABC61-D6AB-4BB6-BDD7-0B22DD4C168D}"
EndProject
Project("{9A19103F-16F7-4668-BE54-9A1E7A4F7556}") = "Tyuiu.AnishchenkoVA.Sprint1.Task1.V27", "Tyuiu.AnishchenkoVA.Sprint1.Task1.V27\Tyuiu.AnishchenkoVA.Sprint1.Task1.V27.csproj", "{6F49F0D4-6FD6-42D4-8ACB-F47B1F661C27}"
EndProject
Project("{9A19103F-16F7-4668-BE54-9A1E7A4F7556}") = "Tyuiu.AnishchenkoVA.Sprint1.Task1.V27.Lib", "Tyuiu.AnishchenkoVA.Sprint1.Task1.V27.Lib\Tyuiu.AnishchenkoVA.Sprint1.Task1.V27.Lib.csproj", "{FA1FB158-34A2-4B8C-8B99-F0F231F51643}"
EndProject
Project("{9A19103F-16F7-4668-BE54-9A1E7A4F7556}") = "Tyuiu.AnishchenkoVA.Sprint1.Task1.V27.Test", "Tyuiu.AnishchenkoVA.Sprint1.Task1.V27.Test\Tyuiu.AnishchenkoVA.Sprint1.Task1.V27.Test.csproj", "{825E3D02-6CE5-4529-ACC6-F2DB10D61237}"
EndProject
Project("{2150E333-8FDC-42A3-9474-1A3956D46DE8}") = "Task2", "Task2", "{B194078E-CA5A-4810-A0CD-04F54AE7C1E5}"
EndProject
Project("{9A19103F-16F7-4668-BE54-9A1E7A4F7556}") = "Tyuiu.AnishchenkoVA.Sprint1.Task2.V5", "Tyuiu.AnishchenkoVA.Sprint1.Task2.V5\Tyuiu.AnishchenkoVA.Sprint1.Task2.V5.csproj", "{BDBF6BB2-020E-42E4-8E52-C496985F4348}"
EndProject
Project("{9A19103F-16F7-4668-BE54-9A1E7A4F7556}") = "Tyuiu.AnishchenkoVA.Sprint1.Task2.V5.Lib", "Tyuiu.AnishchenkoVA.Sprint1.Task2.V5.Lib\Tyuiu.AnishchenkoVA.Sprint1.Task2.V5.Lib.csproj", "{D27ED7F1-EFF5-4858-8C7B-57522D9411C3}"
EndProject
Project("{9A19103F-16F7-4668-BE54-9A1E7A4F7556}") = "Tyuiu.AnishchenkoVA.Sprint1.Task2.V5.Test", "Tyuiu.AnishchenkoVA.Sprint1.Task2.V5.Test\Tyuiu.AnishchenkoVA.Sprint1.Task2.V5.Test.csproj", "{61521663-B71A-429A-B74D-149622A419CF}"
EndProject
Project("{2150E333-8FDC-42A3-9474-1A3956D46DE8}") = "Task3", "Task3", "{322D296C-F79A-46F6-BB12-C07B6EB514B1}"
EndProject
Project("{9A19103F-16F7-4668-BE54-9A1E7A4F7556}") = "Tyuiu.AnishchenkoVA.Sprint1.Task3.V18", "Tyuiu.AnishchenkoVA.Sprint1.Task3.V18\Tyuiu.AnishchenkoVA.Sprint1.Task3.V18.csproj", "{8007E961-D405-4766-88FF-2B64A69B59C9}"
EndProject
Project("{9A19103F-16F7-4668-BE54-9A1E7A4F7556}") = "Tyuiu.AnishchenkoVA.Sprint1.Task3.V18.Lib", "Tyuiu.AnishchenkoVA.Sprint1.Task3.V18.Lib\Tyuiu.AnishchenkoVA.Sprint1.Task3.V18.Lib.csproj", "{DB649F07-3FB7-49A8-93D0-90A12C59F1E8}"
EndProject
Project("{9A19103F-16F7-4668-BE54-9A1E7A4F7556}") = "Tyuiu.AnishchenkoVA.Sprint1.Task3.V18.Test", "Tyuiu.AnishchenkoVA.Sprint1.Task3.V18.Test\Tyuiu.AnishchenkoVA.Sprint1.Task3.V18.Test.csproj", "{63DD87A3-13D0-49F1-AFCD-7F8C6DC6839A}"
EndProject
Project("{2150E333-8FDC-42A3-9474-1A3956D46DE8}") = "Task4", "Task4", "{8C77EA26-D3F9-4277-B22A-85E59E009475}"
EndProject
Project("{9A19103F-16F7-4668-BE54-9A1E7A4F7556}") = "Tyuiu.AnishchenkoVA.Sprint1.Task4.V29", "Tyuiu.AnishchenkoVA.Sprint1.Task4.V29\Tyuiu.AnishchenkoVA.Sprint1.Task4.V29.csproj", "{51DE9ABF-009A-439F-946E-08C0EF854835}"
EndProject
Project("{9A19103F-16F7-4668-BE54-9A1E7A4F7556}") = "Tyuiu.AnishchenkoVA.Sprint1.Task4.V29.Lib", "Tyuiu.AnishchenkoVA.Sprint1.Task4.V29.Lib\Tyuiu.AnishchenkoVA.Sprint1.Task4.V29.Lib.csproj", "{83106289-E906-4EBC-9B79-0C9D1DF0E827}"
EndProject
Project("{9A19103F-16F7-4668-BE54-9A1E7A4F7556}") = "Tyuiu.AnishchenkoVA.Sprint1.Task4.V29.Test", "Tyuiu.AnishchenkoVA.Sprint1.Task4.V29.Test\Tyuiu.AnishchenkoVA.Sprint1.Task4.V29.Test.csproj", "{2685A4D0-C60F-4647-99C2-71DA96E876F2}"
EndProject
Project("{2150E333-8FDC-42A3-9474-1A3956D46DE8}") = "Task5", "Task5", "{6802FF1F-89F7-467B-A952-DDAD6861B2EF}"
EndProject
Project("{FAE04EC0-301F-11D3-BF4B-00C04F79EFBC}") = "Tyuiu.AnishchenkoVA.Sprint1.Task5.V4", "Tyuiu.AnishchenkoVA.Sprint1.Task5.V4\Tyuiu.AnishchenkoVA.Sprint1.Task5.V4.csproj", "{F69FE831-60FF-4CA6-9CB3-56ECC596C40A}"
EndProject
Project("{FAE04EC0-301F-11D3-BF4B-00C04F79EFBC}") = "Tyuiu.AnishchenkoVA.Sprint1.Task5.V4.Lib", "Tyuiu.AnishchenkoVA.Sprint1.Task5.V4.Lib\Tyuiu.AnishchenkoVA.Sprint1.Task5.V4.Lib.csproj", "{B048B41F-BF0E-40DD-899E-8AEDA1B04882}"
EndProject
Project("{FAE04EC0-301F-11D3-BF4B-00C04F79EFBC}") = "Tyuiu.AnishchenkoVA.Sprint1.Task5.V4.Test", "Tyuiu.AnishchenkoVA.Sprint1.Task5.V4.Test\Tyuiu.AnishchenkoVA.Sprint1.Task5.V4.Test.csproj", "{E90CB006-3434-4699-9261-3AB4CF0D59CE}"
EndProject
Global
	GlobalSection(SolutionConfigurationPlatforms) = preSolution
		Debug|Any CPU = Debug|Any CPU
		Release|Any CPU = Release|Any CPU
	EndGlobalSection
	GlobalSection(ProjectConfigurationPlatforms) = postSolution
		{F1BC7BD1-2559-4DEB-801E-F0C2ECDEE339}.Debug|Any CPU.ActiveCfg = Debug|Any CPU
		{F1BC7BD1-2559-4DEB-801E-F0C2ECDEE339}.Debug|Any CPU.Build.0 = Debug|Any CPU
		{F1BC7BD1-2559-4DEB-801E-F0C2ECDEE339}.Release|Any CPU.ActiveCfg = Release|Any CPU
		{F1BC7BD1-2559-4DEB-801E-F0C2ECDEE339}.Release|Any CPU.Build.0 = Release|Any CPU
		{558603F2-B3CA-4139-862F-DB00EB0CF44C}.Debug|Any CPU.ActiveCfg = Debug|Any CPU
		{558603F2-B3CA-4139-862F-DB00EB0CF44C}.Debug|Any CPU.Build.0 = Debug|Any CPU
		{558603F2-B3CA-4139-862F-DB00EB0CF44C}.Release|Any CPU.ActiveCfg = Release|Any CPU
		{558603F2-B3CA-4139-862F-DB00EB0CF44C}.Release|Any CPU.Build.0 = Release|Any CPU
		{D659C061-05C8-43F1-B66C-478DAA519CA5}.Debug|Any CPU.ActiveCfg = Debug|Any CPU
		{D659C061-05C8-43F1-B66C-478DAA519CA5}.Debug|Any CPU.Build.0 = Debug|Any CPU
		{D659C061-05C8-43F1-B66C-478DAA519CA5}.Release|Any CPU.ActiveCfg = Release|Any CPU
		{D659C061-05C8-43F1-B66C-478DAA519CA5}.Release|Any CPU.Build.0 = Release|Any CPU
		{6F49F0D4-6FD6-42D4-8ACB-F47B1F661C27}.Debug|Any CPU.ActiveCfg = Debug|Any CPU
		{6F49F0D4-6FD6-42D4-8ACB-F47B1F661C27}.Debug|Any CPU.Build.0 = Debug|Any CPU
		{6F49F0D4-6FD6-42D4-8ACB-F47B1F661C27}.Release|Any CPU.ActiveCfg = Release|Any CPU
		{6F49F0D4-6FD6-42D4-8ACB-F47B1F661C27}.Release|Any CPU.Build.0 = Release|Any CPU
		{FA1FB158-34A2-4B8C-8B99-F0F231F51643}.Debug|Any CPU.ActiveCfg = Debug|Any CPU
		{FA1FB158-34A2-4B8C-8B99-F0F231F51643}.Debug|Any CPU.Build.0 = Debug|Any CPU
		{FA1FB158-34A2-4B8C-8B99-F0F231F51643}.Release|Any CPU.ActiveCfg = Release|Any CPU
		{FA1FB158-34A2-4B8C-8B99-F0F231F51643}.Release|Any CPU.Build.0 = Release|Any CPU
		{825E3D02-6CE5-4529-ACC6-F2DB10D61237}.Debug|Any CPU.ActiveCfg = Debug|Any CPU
		{825E3D02-6CE5-4529-ACC6-F2DB10D61237}.Debug|Any CPU.Build.0 = Debug|Any CPU
		{825E3D02-6CE5-4529-ACC6-F2DB10D61237}.Release|Any CPU.ActiveCfg = Release|Any CPU
		{825E3D02-6CE5-4529-ACC6-F2DB10D61237}.Release|Any CPU.Build.0 = Release|Any CPU
		{BDBF6BB2-020E-42E4-8E52-C496985F4348}.Debug|Any CPU.ActiveCfg = Debug|Any CPU
		{BDBF6BB2-020E-42E4-8E52-C496985F4348}.Debug|Any CPU.Build.0 = Debug|Any CPU
		{BDBF6BB2-020E-42E4-8E52-C496985F4348}.Release|Any CPU.ActiveCfg = Release|Any CPU
		{BDBF6BB2-020E-42E4-8E52-C496985F4348}.Release|Any CPU.Build.0 = Release|Any CPU
		{D27ED7F1-EFF5-4858-8C7B-57522D9411C3}.Debug|Any CPU.ActiveCfg = Debug|Any CPU
		{D27ED7F1-EFF5-4858-8C7B-57522D9411C3}.Debug|Any CPU.Build.0 = Debug|Any CPU
		{D27ED7F1-EFF5-4858-8C7B-57522D9411C3}.Release|Any CPU.ActiveCfg = Release|Any CPU
		{D27ED7F1-EFF5-4858-8C7B-57522D9411C3}.Release|Any CPU.Build.0 = Release|Any CPU
		{61521663-B71A-429A-B74D-149622A419CF}.Debug|Any CPU.ActiveCfg = Debug|Any CPU
		{61521663-B71A-429A-B74D-149622A419CF}.Debug|Any CPU.Build.0 = Debug|Any CPU
		{61521663-B71A-429A-B74D-149622A419CF}.Release|Any CPU.ActiveCfg = Release|Any CPU
		{61521663-B71A-429A-B74D-149622A419CF}.Release|Any CPU.Build.0 = Release|Any CPU
		{8007E961-D405-4766-88FF-2B64A69B59C9}.Debug|Any CPU.ActiveCfg = Debug|Any CPU
		{8007E961-D405-4766-88FF-2B64A69B59C9}.Debug|Any CPU.Build.0 = Debug|Any CPU
		{8007E961-D405-4766-88FF-2B64A69B59C9}.Release|Any CPU.ActiveCfg = Release|Any CPU
		{8007E961-D405-4766-88FF-2B64A69B59C9}.Release|Any CPU.Build.0 = Release|Any CPU
		{DB649F07-3FB7-49A8-93D0-90A12C59F1E8}.Debug|Any CPU.ActiveCfg = Debug|Any CPU
		{DB649F07-3FB7-49A8-93D0-90A12C59F1E8}.Debug|Any CPU.Build.0 = Debug|Any CPU
		{DB649F07-3FB7-49A8-93D0-90A12C59F1E8}.Release|Any CPU.ActiveCfg = Release|Any CPU
		{DB649F07-3FB7-49A8-93D0-90A12C59F1E8}.Release|Any CPU.Build.0 = Release|Any CPU
		{63DD87A3-13D0-49F1-AFCD-7F8C6DC6839A}.Debug|Any CPU.ActiveCfg = Debug|Any CPU
		{63DD87A3-13D0-49F1-AFCD-7F8C6DC6839A}.Debug|Any CPU.Build.0 = Debug|Any CPU
		{63DD87A3-13D0-49F1-AFCD-7F8C6DC6839A}.Release|Any CPU.ActiveCfg = Release|Any CPU
		{63DD87A3-13D0-49F1-AFCD-7F8C6DC6839A}.Release|Any CPU.Build.0 = Release|Any CPU
		{51DE9ABF-009A-439F-946E-08C0EF854835}.Debug|Any CPU.ActiveCfg = Debug|Any CPU
		{51DE9ABF-009A-439F-946E-08C0EF854835}.Debug|Any CPU.Build.0 = Debug|Any CPU
		{51DE9ABF-009A-439F-946E-08C0EF854835}.Release|Any CPU.ActiveCfg = Release|Any CPU
		{51DE9ABF-009A-439F-946E-08C0EF854835}.Release|Any CPU.Build.0 = Release|Any CPU
		{83106289-E906-4EBC-9B79-0C9D1DF0E827}.Debug|Any CPU.ActiveCfg = Debug|Any CPU
		{83106289-E906-4EBC-9B79-0C9D1DF0E827}.Debug|Any CPU.Build.0 = Debug|Any CPU
		{83106289-E906-4EBC-9B79-0C9D1DF0E827}.Release|Any CPU.ActiveCfg = Release|Any CPU
		{83106289-E906-4EBC-9B79-0C9D1DF0E827}.Release|Any CPU.Build.0 = Release|Any CPU
		{2685A4D0-C60F-4647-99C2-71DA96E876F2}.Debug|Any CPU.ActiveCfg = Debug|Any CPU
		{2685A4D0-C60F-4647-99C2-71DA96E876F2}.Debug|Any CPU.Build.0 = Debug|Any CPU
		{2685A4D0-C60F-4647-99C2-71DA96E876F2}.Release|Any CPU.ActiveCfg = Release|Any CPU
		{2685A4D0-C60F-4647-99C2-71DA96E876F2}.Release|Any CPU.Build.0 = Release|Any CPU
		{F69FE831-60FF-4CA6-9CB3-56ECC596C40A}.Debug|Any CPU.ActiveCfg = Debug|Any CPU
		{F69FE831-60FF-4CA6-9CB3-56ECC596C40A}.Debug|Any CPU.Build.0 = Debug|Any CPU
		{F69FE831-60FF-4CA6-9CB3-56ECC596C40A}.Release|Any CPU.ActiveCfg = Release|Any CPU
		{F69FE831-60FF-4CA6-9CB3-56ECC596C40A}.Release|Any CPU.Build.0 = Release|Any CPU
		{B048B41F-BF0E-40DD-899E-8AEDA1B04882}.Debug|Any CPU.ActiveCfg = Debug|Any CPU
		{B048B41F-BF0E-40DD-899E-8AEDA1B04882}.Debug|Any CPU.Build.0 = Debug|Any CPU
		{B048B41F-BF0E-40DD-899E-8AEDA1B04882}.Release|Any CPU.ActiveCfg = Release|Any CPU
		{B048B41F-BF0E-40DD-899E-8AEDA1B04882}.Release|Any CPU.Build.0 = Release|Any CPU
		{E90CB006-3434-4699-9261-3AB4CF0D59CE}.Debug|Any CPU.ActiveCfg = Debug|Any CPU
		{E90CB006-3434-4699-9261-3AB4CF0D59CE}.Debug|Any CPU.Build.0 = Debug|Any CPU
		{E90CB006-3434-4699-9261-3AB4CF0D59CE}.Release|Any CPU.ActiveCfg = Release|Any CPU
		{E90CB006-3434-4699-9261-3AB4CF0D59CE}.Release|Any CPU.Build.0 = Release|Any CPU
	EndGlobalSection
	GlobalSection(SolutionProperties) = preSolution
		HideSolutionNode = FALSE
	EndGlobalSection
	GlobalSection(NestedProjects) = preSolution
		{F1BC7BD1-2559-4DEB-801E-F0C2ECDEE339} = {49ABB346-46D1-4E1D-8FD0-7A33421D2F32}
		{558603F2-B3CA-4139-862F-DB00EB0CF44C} = {49ABB346-46D1-4E1D-8FD0-7A33421D2F32}
		{D659C061-05C8-43F1-B66C-478DAA519CA5} = {49ABB346-46D1-4E1D-8FD0-7A33421D2F32}
		{6F49F0D4-6FD6-42D4-8ACB-F47B1F661C27} = {533ABC61-D6AB-4BB6-BDD7-0B22DD4C168D}
		{FA1FB158-34A2-4B8C-8B99-F0F231F51643} = {533ABC61-D6AB-4BB6-BDD7-0B22DD4C168D}
		{825E3D02-6CE5-4529-ACC6-F2DB10D61237} = {533ABC61-D6AB-4BB6-BDD7-0B22DD4C168D}
		{BDBF6BB2-020E-42E4-8E52-C496985F4348} = {B194078E-CA5A-4810-A0CD-04F54AE7C1E5}
		{D27ED7F1-EFF5-4858-8C7B-57522D9411C3} = {B194078E-CA5A-4810-A0CD-04F54AE7C1E5}
		{61521663-B71A-429A-B74D-149622A419CF} = {B194078E-CA5A-4810-A0CD-04F54AE7C1E5}
		{8007E961-D405-4766-88FF-2B64A69B59C9} = {322D296C-F79A-46F6-BB12-C07B6EB514B1}
		{DB649F07-3FB7-49A8-93D0-90A12C59F1E8} = {322D296C-F79A-46F6-BB12-C07B6EB514B1}
		{63DD87A3-13D0-49F1-AFCD-7F8C6DC6839A} = {322D296C-F79A-46F6-BB12-C07B6EB514B1}
		{51DE9ABF-009A-439F-946E-08C0EF854835} = {8C77EA26-D3F9-4277-B22A-85E59E009475}
		{83106289-E906-4EBC-9B79-0C9D1DF0E827} = {8C77EA26-D3F9-4277-B22A-85E59E009475}
		{2685A4D0-C60F-4647-99C2-71DA96E876F2} = {8C77EA26-D3F9-4277-B22A-85E59E009475}
		{F69FE831-60FF-4CA6-9CB3-56ECC596C40A} = {6802FF1F-89F7-467B-A952-DDAD6861B2EF}
		{B048B41F-BF0E-40DD-899E-8AEDA1B04882} = {6802FF1F-89F7-467B-A952-DDAD6861B2EF}
		{E90CB006-3434-4699-9261-3AB4CF0D59CE} = {6802FF1F-89F7-467B-A952-DDAD6861B2EF}
	EndGlobalSection
	GlobalSection(ExtensibilityGlobals) = postSolution
		SolutionGuid = {B5056A3C-919C-4074-BE19-E8981D085887}
	EndGlobalSection
EndGlobal
